
Microsoft Visual Studio Solution File, Format Version 12.00
# Visual Studio Version 16
VisualStudioVersion = 16.0.29519.87
MinimumVisualStudioVersion = 10.0.40219.1
Project("{FAE04EC0-301F-11D3-BF4B-00C04F79EFBC}") = "XPA_GetContacts.UWP", "XPA_GetContacts\XPA_GetContacts.UWP\XPA_GetContacts.UWP.csproj", "{D9EE1C6B-81F8-4EFF-AF17-DA72B55D434B}"
EndProject
Project("{FAE04EC0-301F-11D3-BF4B-00C04F79EFBC}") = "XPA_GetContacts.Android", "XPA_GetContacts\XPA_GetContacts.Android\XPA_GetContacts.Android.csproj", "{AC3667E0-D6D7-4B24-8517-1F106C7D9E30}"
EndProject
Project("{FAE04EC0-301F-11D3-BF4B-00C04F79EFBC}") = "XPA_GetContacts.iOS", "XPA_GetContacts\XPA_GetContacts.iOS\XPA_GetContacts.iOS.csproj", "{52FC9835-4CD0-4314-9505-15C9FF9587AE}"
EndProject
Project("{FAE04EC0-301F-11D3-BF4B-00C04F79EFBC}") = "XPA_GetContacts", "XPA_GetContacts\XPA_GetContacts\XPA_GetContacts.csproj", "{DC960D57-A342-436F-B1F8-7DF9682AE198}"
EndProject
Global
	GlobalSection(SolutionConfigurationPlatforms) = preSolution
		Debug|Any CPU = Debug|Any CPU
		Debug|ARM = Debug|ARM
		Debug|iPhone = Debug|iPhone
		Debug|iPhoneSimulator = Debug|iPhoneSimulator
		Debug|x64 = Debug|x64
		Debug|x86 = Debug|x86
		Release|Any CPU = Release|Any CPU
		Release|ARM = Release|ARM
		Release|iPhone = Release|iPhone
		Release|iPhoneSimulator = Release|iPhoneSimulator
		Release|x64 = Release|x64
		Release|x86 = Release|x86
	EndGlobalSection
	GlobalSection(ProjectConfigurationPlatforms) = postSolution
		{D9EE1C6B-81F8-4EFF-AF17-DA72B55D434B}.Debug|Any CPU.ActiveCfg = Debug|x86
		{D9EE1C6B-81F8-4EFF-AF17-DA72B55D434B}.Debug|Any CPU.Build.0 = Debug|x86
		{D9EE1C6B-81F8-4EFF-AF17-DA72B55D434B}.Debug|Any CPU.Deploy.0 = Debug|x86
		{D9EE1C6B-81F8-4EFF-AF17-DA72B55D434B}.Debug|ARM.ActiveCfg = Debug|ARM
		{D9EE1C6B-81F8-4EFF-AF17-DA72B55D434B}.Debug|ARM.Build.0 = Debug|ARM
		{D9EE1C6B-81F8-4EFF-AF17-DA72B55D434B}.Debug|ARM.Deploy.0 = Debug|ARM
		{D9EE1C6B-81F8-4EFF-AF17-DA72B55D434B}.Debug|iPhone.ActiveCfg = Debug|x86
		{D9EE1C6B-81F8-4EFF-AF17-DA72B55D434B}.Debug|iPhone.Build.0 = Debug|x86
		{D9EE1C6B-81F8-4EFF-AF17-DA72B55D434B}.Debug|iPhone.Deploy.0 = Debug|x86
		{D9EE1C6B-81F8-4EFF-AF17-DA72B55D434B}.Debug|iPhoneSimulator.ActiveCfg = Debug|x86
		{D9EE1C6B-81F8-4EFF-AF17-DA72B55D434B}.Debug|iPhoneSimulator.Build.0 = Debug|x86
		{D9EE1C6B-81F8-4EFF-AF17-DA72B55D434B}.Debug|iPhoneSimulator.Deploy.0 = Debug|x86
		{D9EE1C6B-81F8-4EFF-AF17-DA72B55D434B}.Debug|x64.ActiveCfg = Debug|x64
		{D9EE1C6B-81F8-4EFF-AF17-DA72B55D434B}.Debug|x64.Build.0 = Debug|x64
		{D9EE1C6B-81F8-4EFF-AF17-DA72B55D434B}.Debug|x64.Deploy.0 = Debug|x64
		{D9EE1C6B-81F8-4EFF-AF17-DA72B55D434B}.Debug|x86.ActiveCfg = Debug|x86
		{D9EE1C6B-81F8-4EFF-AF17-DA72B55D434B}.Debug|x86.Build.0 = Debug|x86
		{D9EE1C6B-81F8-4EFF-AF17-DA72B55D434B}.Debug|x86.Deploy.0 = Debug|x86
		{D9EE1C6B-81F8-4EFF-AF17-DA72B55D434B}.Release|Any CPU.ActiveCfg = Release|x86
		{D9EE1C6B-81F8-4EFF-AF17-DA72B55D434B}.Release|Any CPU.Build.0 = Release|x86
		{D9EE1C6B-81F8-4EFF-AF17-DA72B55D434B}.Release|Any CPU.Deploy.0 = Release|x86
		{D9EE1C6B-81F8-4EFF-AF17-DA72B55D434B}.Release|ARM.ActiveCfg = Release|ARM
		{D9EE1C6B-81F8-4EFF-AF17-DA72B55D434B}.Release|ARM.Build.0 = Release|ARM
		{D9EE1C6B-81F8-4EFF-AF17-DA72B55D434B}.Release|ARM.Deploy.0 = Release|ARM
		{D9EE1C6B-81F8-4EFF-AF17-DA72B55D434B}.Release|iPhone.ActiveCfg = Release|x86
		{D9EE1C6B-81F8-4EFF-AF17-DA72B55D434B}.Release|iPhone.Build.0 = Release|x86
		{D9EE1C6B-81F8-4EFF-AF17-DA72B55D434B}.Release|iPhone.Deploy.0 = Release|x86
		{D9EE1C6B-81F8-4EFF-AF17-DA72B55D434B}.Release|iPhoneSimulator.ActiveCfg = Release|x86
		{D9EE1C6B-81F8-4EFF-AF17-DA72B55D434B}.Release|iPhoneSimulator.Build.0 = Release|x86
		{D9EE1C6B-81F8-4EFF-AF17-DA72B55D434B}.Release|iPhoneSimulator.Deploy.0 = Release|x86
		{D9EE1C6B-81F8-4EFF-AF17-DA72B55D434B}.Release|x64.ActiveCfg = Release|x64
		{D9EE1C6B-81F8-4EFF-AF17-DA72B55D434B}.Release|x64.Build.0 = Release|x64
		{D9EE1C6B-81F8-4EFF-AF17-DA72B55D434B}.Release|x64.Deploy.0 = Release|x64
		{D9EE1C6B-81F8-4EFF-AF17-DA72B55D434B}.Release|x86.ActiveCfg = Release|x86
		{D9EE1C6B-81F8-4EFF-AF17-DA72B55D434B}.Release|x86.Build.0 = Release|x86
		{D9EE1C6B-81F8-4EFF-AF17-DA72B55D434B}.Release|x86.Deploy.0 = Release|x86
		{AC3667E0-D6D7-4B24-8517-1F106C7D9E30}.Debug|Any CPU.ActiveCfg = Debug|Any CPU
		{AC3667E0-D6D7-4B24-8517-1F106C7D9E30}.Debug|Any CPU.Build.0 = Debug|Any CPU
		{AC3667E0-D6D7-4B24-8517-1F106C7D9E30}.Debug|Any CPU.Deploy.0 = Debug|Any CPU
		{AC3667E0-D6D7-4B24-8517-1F106C7D9E30}.Debug|ARM.ActiveCfg = Debug|Any CPU
		{AC3667E0-D6D7-4B24-8517-1F106C7D9E30}.Debug|ARM.Build.0 = Debug|Any CPU
		{AC3667E0-D6D7-4B24-8517-1F106C7D9E30}.Debug|ARM.Deploy.0 = Debug|Any CPU
		{AC3667E0-D6D7-4B24-8517-1F106C7D9E30}.Debug|iPhone.ActiveCfg = Debug|Any CPU
		{AC3667E0-D6D7-4B24-8517-1F106C7D9E30}.Debug|iPhone.Build.0 = Debug|Any CPU
		{AC3667E0-D6D7-4B24-8517-1F106C7D9E30}.Debug|iPhone.Deploy.0 = Debug|Any CPU
		{AC3667E0-D6D7-4B24-8517-1F106C7D9E30}.Debug|iPhoneSimulator.ActiveCfg = Debug|Any CPU
		{AC3667E0-D6D7-4B24-8517-1F106C7D9E30}.Debug|iPhoneSimulator.Build.0 = Debug|Any CPU
		{AC3667E0-D6D7-4B24-8517-1F106C7D9E30}.Debug|iPhoneSimulator.Deploy.0 = Debug|Any CPU
		{AC3667E0-D6D7-4B24-8517-1F106C7D9E30}.Debug|x64.ActiveCfg = Debug|Any CPU
		{AC3667E0-D6D7-4B24-8517-1F106C7D9E30}.Debug|x64.Build.0 = Debug|Any CPU
		{AC3667E0-D6D7-4B24-8517-1F106C7D9E30}.Debug|x64.Deploy.0 = Debug|Any CPU
		{AC3667E0-D6D7-4B24-8517-1F106C7D9E30}.Debug|x86.ActiveCfg = Debug|Any CPU
		{AC3667E0-D6D7-4B24-8517-1F106C7D9E30}.Debug|x86.Build.0 = Debug|Any CPU
		{AC3667E0-D6D7-4B24-8517-1F106C7D9E30}.Debug|x86.Deploy.0 = Debug|Any CPU
		{AC3667E0-D6D7-4B24-8517-1F106C7D9E30}.Release|Any CPU.ActiveCfg = Release|Any CPU
		{AC3667E0-D6D7-4B24-8517-1F106C7D9E30}.Release|Any CPU.Build.0 = Release|Any CPU
		{AC3667E0-D6D7-4B24-8517-1F106C7D9E30}.Release|Any CPU.Deploy.0 = Release|Any CPU
		{AC3667E0-D6D7-4B24-8517-1F106C7D9E30}.Release|ARM.ActiveCfg = Release|Any CPU
		{AC3667E0-D6D7-4B24-8517-1F106C7D9E30}.Release|ARM.Build.0 = Release|Any CPU
		{AC3667E0-D6D7-4B24-8517-1F106C7D9E30}.Release|ARM.Deploy.0 = Release|Any CPU
		{AC3667E0-D6D7-4B24-8517-1F106C7D9E30}.Release|iPhone.ActiveCfg = Release|Any CPU
		{AC3667E0-D6D7-4B24-8517-1F106C7D9E30}.Release|iPhone.Build.0 = Release|Any CPU
		{AC3667E0-D6D7-4B24-8517-1F106C7D9E30}.Release|iPhone.Deploy.0 = Release|Any CPU
		{AC3667E0-D6D7-4B24-8517-1F106C7D9E30}.Release|iPhoneSimulator.ActiveCfg = Release|Any CPU
		{AC3667E0-D6D7-4B24-8517-1F106C7D9E30}.Release|iPhoneSimulator.Build.0 = Release|Any CPU
		{AC3667E0-D6D7-4B24-8517-1F106C7D9E30}.Release|iPhoneSimulator.Deploy.0 = Release|Any CPU
		{AC3667E0-D6D7-4B24-8517-1F106C7D9E30}.Release|x64.ActiveCfg = Release|Any CPU
		{AC3667E0-D6D7-4B24-8517-1F106C7D9E30}.Release|x64.Build.0 = Release|Any CPU
		{AC3667E0-D6D7-4B24-8517-1F106C7D9E30}.Release|x64.Deploy.0 = Release|Any CPU
		{AC3667E0-D6D7-4B24-8517-1F106C7D9E30}.Release|x86.ActiveCfg = Release|Any CPU
		{AC3667E0-D6D7-4B24-8517-1F106C7D9E30}.Release|x86.Build.0 = Release|Any CPU
		{AC3667E0-D6D7-4B24-8517-1F106C7D9E30}.Release|x86.Deploy.0 = Release|Any CPU
		{52FC9835-4CD0-4314-9505-15C9FF9587AE}.Debug|Any CPU.ActiveCfg = Debug|iPhone
		{52FC9835-4CD0-4314-9505-15C9FF9587AE}.Debug|Any CPU.Build.0 = Debug|iPhone
		{52FC9835-4CD0-4314-9505-15C9FF9587AE}.Debug|Any CPU.Deploy.0 = Debug|iPhone
		{52FC9835-4CD0-4314-9505-15C9FF9587AE}.Debug|ARM.ActiveCfg = Debug|iPhoneSimulator
		{52FC9835-4CD0-4314-9505-15C9FF9587AE}.Debug|ARM.Build.0 = Debug|iPhoneSimulator
		{52FC9835-4CD0-4314-9505-15C9FF9587AE}.Debug|ARM.Deploy.0 = Debug|iPhoneSimulator
		{52FC9835-4CD0-4314-9505-15C9FF9587AE}.Debug|iPhone.ActiveCfg = Debug|iPhone
		{52FC9835-4CD0-4314-9505-15C9FF9587AE}.Debug|iPhone.Build.0 = Debug|iPhone
		{52FC9835-4CD0-4314-9505-15C9FF9587AE}.Debug|iPhone.Deploy.0 = Debug|iPhone
		{52FC9835-4CD0-4314-9505-15C9FF9587AE}.Debug|iPhoneSimulator.ActiveCfg = Debug|iPhoneSimulator
		{52FC9835-4CD0-4314-9505-15C9FF9587AE}.Debug|iPhoneSimulator.Build.0 = Debug|iPhoneSimulator
		{52FC9835-4CD0-4314-9505-15C9FF9587AE}.Debug|iPhoneSimulator.Deploy.0 = Debug|iPhoneSimulator
		{52FC9835-4CD0-4314-9505-15C9FF9587AE}.Debug|x64.ActiveCfg = Debug|iPhone
		{52FC9835-4CD0-4314-9505-15C9FF9587AE}.Debug|x64.Build.0 = Debug|iPhone
		{52FC9835-4CD0-4314-9505-15C9FF9587AE}.Debug|x64.Deploy.0 = Debug|iPhone
		{52FC9835-4CD0-4314-9505-15C9FF9587AE}.Debug|x86.ActiveCfg = Debug|iPhone
		{52FC9835-4CD0-4314-9505-15C9FF9587AE}.Debug|x86.Build.0 = Debug|iPhone
		{52FC9835-4CD0-4314-9505-15C9FF9587AE}.Debug|x86.Deploy.0 = Debug|iPhone
		{52FC9835-4CD0-4314-9505-15C9FF9587AE}.Release|Any CPU.ActiveCfg = Release|iPhone
		{52FC9835-4CD0-4314-9505-15C9FF9587AE}.Release|Any CPU.Build.0 = Release|iPhone
		{52FC9835-4CD0-4314-9505-15C9FF9587AE}.Release|Any CPU.Deploy.0 = Release|iPhone
		{52FC9835-4CD0-4314-9505-15C9FF9587AE}.Release|ARM.ActiveCfg = Release|iPhone
		{52FC9835-4CD0-4314-9505-15C9FF9587AE}.Release|ARM.Build.0 = Release|iPhone
		{52FC9835-4CD0-4314-9505-15C9FF9587AE}.Release|ARM.Deploy.0 = Release|iPhone
		{52FC9835-4CD0-4314-9505-15C9FF9587AE}.Release|iPhone.ActiveCfg = Release|iPhone
		{52FC9835-4CD0-4314-9505-15C9FF9587AE}.Release|iPhone.Build.0 = Release|iPhone
		{52FC9835-4CD0-4314-9505-15C9FF9587AE}.Release|iPhone.Deploy.0 = Release|iPhone
		{52FC9835-4CD0-4314-9505-15C9FF9587AE}.Release|iPhoneSimulator.ActiveCfg = Release|iPhoneSimulator
		{52FC9835-4CD0-4314-9505-15C9FF9587AE}.Release|iPhoneSimulator.Build.0 = Release|iPhoneSimulator
		{52FC9835-4CD0-4314-9505-15C9FF9587AE}.Release|iPhoneSimulator.Deploy.0 = Release|iPhoneSimulator
		{52FC9835-4CD0-4314-9505-15C9FF9587AE}.Release|x64.ActiveCfg = Release|iPhone
		{52FC9835-4CD0-4314-9505-15C9FF9587AE}.Release|x64.Build.0 = Release|iPhone
		{52FC9835-4CD0-4314-9505-15C9FF9587AE}.Release|x64.Deploy.0 = Release|iPhone
		{52FC9835-4CD0-4314-9505-15C9FF9587AE}.Release|x86.ActiveCfg = Release|iPhone
		{52FC9835-4CD0-4314-9505-15C9FF9587AE}.Release|x86.Build.0 = Release|iPhone
		{52FC9835-4CD0-4314-9505-15C9FF9587AE}.Release|x86.Deploy.0 = Release|iPhone
		{DC960D57-A342-436F-B1F8-7DF9682AE198}.Debug|Any CPU.ActiveCfg = Debug|Any CPU
		{DC960D57-A342-436F-B1F8-7DF9682AE198}.Debug|Any CPU.Build.0 = Debug|Any CPU
		{DC960D57-A342-436F-B1F8-7DF9682AE198}.Debug|Any CPU.Deploy.0 = Debug|Any CPU
		{DC960D57-A342-436F-B1F8-7DF9682AE198}.Debug|ARM.ActiveCfg = Debug|Any CPU
		{DC960D57-A342-436F-B1F8-7DF9682AE198}.Debug|ARM.Build.0 = Debug|Any CPU
		{DC960D57-A342-436F-B1F8-7DF9682AE198}.Debug|ARM.Deploy.0 = Debug|Any CPU
		{DC960D57-A342-436F-B1F8-7DF9682AE198}.Debug|iPhone.ActiveCfg = Debug|Any CPU
		{DC960D57-A342-436F-B1F8-7DF9682AE198}.Debug|iPhone.Build.0 = Debug|Any CPU
		{DC960D57-A342-436F-B1F8-7DF9682AE198}.Debug|iPhone.Deploy.0 = Debug|Any CPU
		{DC960D57-A342-436F-B1F8-7DF9682AE198}.Debug|iPhoneSimulator.ActiveCfg = Debug|Any CPU
		{DC960D57-A342-436F-B1F8-7DF9682AE198}.Debug|iPhoneSimulator.Build.0 = Debug|Any CPU
		{DC960D57-A342-436F-B1F8-7DF9682AE198}.Debug|iPhoneSimulator.Deploy.0 = Debug|Any CPU
		{DC960D57-A342-436F-B1F8-7DF9682AE198}.Debug|x64.ActiveCfg = Debug|Any CPU
		{DC960D57-A342-436F-B1F8-7DF9682AE198}.Debug|x64.Build.0 = Debug|Any CPU
		{DC960D57-A342-436F-B1F8-7DF9682AE198}.Debug|x64.Deploy.0 = Debug|Any CPU
		{DC960D57-A342-436F-B1F8-7DF9682AE198}.Debug|x86.ActiveCfg = Debug|Any CPU
		{DC960D57-A342-436F-B1F8-7DF9682AE198}.Debug|x86.Build.0 = Debug|Any CPU
		{DC960D57-A342-436F-B1F8-7DF9682AE198}.Debug|x86.Deploy.0 = Debug|Any CPU
		{DC960D57-A342-436F-B1F8-7DF9682AE198}.Release|Any CPU.ActiveCfg = Release|Any CPU
		{DC960D57-A342-436F-B1F8-7DF9682AE198}.Release|Any CPU.Build.0 = Release|Any CPU
		{DC960D57-A342-436F-B1F8-7DF9682AE198}.Release|Any CPU.Deploy.0 = Release|Any CPU
		{DC960D57-A342-436F-B1F8-7DF9682AE198}.Release|ARM.ActiveCfg = Release|Any CPU
		{DC960D57-A342-436F-B1F8-7DF9682AE198}.Release|ARM.Build.0 = Release|Any CPU
		{DC960D57-A342-436F-B1F8-7DF9682AE198}.Release|ARM.Deploy.0 = Release|Any CPU
		{DC960D57-A342-436F-B1F8-7DF9682AE198}.Release|iPhone.ActiveCfg = Release|Any CPU
		{DC960D57-A342-436F-B1F8-7DF9682AE198}.Release|iPhone.Build.0 = Release|Any CPU
		{DC960D57-A342-436F-B1F8-7DF9682AE198}.Release|iPhone.Deploy.0 = Release|Any CPU
		{DC960D57-A342-436F-B1F8-7DF9682AE198}.Release|iPhoneSimulator.ActiveCfg = Release|Any CPU
		{DC960D57-A342-436F-B1F8-7DF9682AE198}.Release|iPhoneSimulator.Build.0 = Release|Any CPU
		{DC960D57-A342-436F-B1F8-7DF9682AE198}.Release|iPhoneSimulator.Deploy.0 = Release|Any CPU
		{DC960D57-A342-436F-B1F8-7DF9682AE198}.Release|x64.ActiveCfg = Release|Any CPU
		{DC960D57-A342-436F-B1F8-7DF9682AE198}.Release|x64.Build.0 = Release|Any CPU
		{DC960D57-A342-436F-B1F8-7DF9682AE198}.Release|x64.Deploy.0 = Release|Any CPU
		{DC960D57-A342-436F-B1F8-7DF9682AE198}.Release|x86.ActiveCfg = Release|Any CPU
		{DC960D57-A342-436F-B1F8-7DF9682AE198}.Release|x86.Build.0 = Release|Any CPU
		{DC960D57-A342-436F-B1F8-7DF9682AE198}.Release|x86.Deploy.0 = Release|Any CPU
	EndGlobalSection
	GlobalSection(SolutionProperties) = preSolution
		HideSolutionNode = FALSE
	EndGlobalSection
	GlobalSection(ExtensibilityGlobals) = postSolution
		SolutionGuid = {5E0FDBC8-1AB6-4EBF-986C-F0FDF0B8DDBC}
	EndGlobalSection
EndGlobal
